
Microsoft Visual Studio Solution File, Format Version 12.00
# Visual Studio Version 16
VisualStudioVersion = 16.0.809.7
MinimumVisualStudioVersion = 10.0.40219.1
Project("{FAE04EC0-301F-11D3-BF4B-00C04F79EFBC}") = "Jones_James_CE08", "Jones_James_CE08\Jones_James_CE08.csproj", "{5FE40139-780B-475C-B8AC-600513311D7B}"
EndProject
Global
	GlobalSection(SolutionConfigurationPlatforms) = preSolution
		Debug|Any CPU = Debug|Any CPU
		Release|Any CPU = Release|Any CPU
	EndGlobalSection
	GlobalSection(ProjectConfigurationPlatforms) = postSolution
		{5FE40139-780B-475C-B8AC-600513311D7B}.Debug|Any CPU.ActiveCfg = Debug|Any CPU
		{5FE40139-780B-475C-B8AC-600513311D7B}.Debug|Any CPU.Build.0 = Debug|Any CPU
		{5FE40139-780B-475C-B8AC-600513311D7B}.Release|Any CPU.ActiveCfg = Release|Any CPU
		{5FE40139-780B-475C-B8AC-600513311D7B}.Release|Any CPU.Build.0 = Release|Any CPU
	EndGlobalSection
	GlobalSection(SolutionProperties) = preSolution
		HideSolutionNode = FALSE
	EndGlobalSection
	GlobalSection(ExtensibilityGlobals) = postSolution
		SolutionGuid = {BA5FB823-01E8-4D12-A0A9-1D42156B0121}
	EndGlobalSection
EndGlobal
